#MicroXplorer Configuration settings - do not modify
CAD.formats=
CAD.pinconfig=
CAD.provider=
File.Version=6
GPIO.groupedBy=Group By Peripherals
KeepUserPlacement=false
Mcu.CPN=STM32U083MCT6
Mcu.Family=STM32U0
Mcu.IP0=CORTEX_M0+
Mcu.IP1=NVIC
Mcu.IP2=PWR
Mcu.IP3=RCC
Mcu.IP4=SYS
Mcu.IP5=TOUCHSENSING
Mcu.IP6=TSC
Mcu.IPNb=7
Mcu.Name=STM32U083MCTx
Mcu.Package=LQFP80
Mcu.Pin0=PB12
Mcu.Pin1=PB13
Mcu.Pin2=PD10
Mcu.Pin3=PD11
Mcu.Pin4=VP_PWR_VS_SECSignals
Mcu.Pin5=VP_SYS_VS_Systick
Mcu.Pin6=VP_TOUCHSENSING_VS_TOUCHSENSING
Mcu.PinsNb=7
Mcu.ThirdPartyNb=0
Mcu.UserConstants=
Mcu.UserName=STM32U083MCTx
MxCube.Version=6.11.0
MxDb.Version=DB.6.0.110
NVIC.ForceEnableDMAVector=true
NVIC.HardFault_IRQn=true\:0\:0\:false\:false\:true\:false\:false\:false
NVIC.NonMaskableInt_IRQn=true\:0\:0\:false\:false\:true\:false\:false\:false
NVIC.PendSV_IRQn=true\:0\:0\:false\:false\:true\:false\:false\:false
NVIC.PriorityGroup=NVIC_PRIORITYGROUP_2
NVIC.SVCall_IRQn=true\:0\:0\:false\:false\:true\:false\:false\:false
NVIC.SysTick_IRQn=true\:3\:0\:false\:false\:true\:false\:true\:false
NVIC.TSC_IRQn=true\:0\:0\:false\:false\:true\:true\:true\:true
PB12.Mode=G1_IO1-Shield
PB12.Signal=TSC_G1_IO1
PB13.Mode=G1_IO2-Sampling
PB13.Signal=TSC_G1_IO2
PD10.Mode=G6_IO1-Sampling
PD10.Signal=TSC_G6_IO1
PD11.Mode=G6_IO2-Channel
PD11.Signal=TSC_G6_IO2
PinOutPanel.RotationAngle=0
ProjectManager.AskForMigrate=true
ProjectManager.BackupPrevious=false
ProjectManager.CompilerOptimize=6
ProjectManager.ComputerToolchain=false
ProjectManager.CoupleFile=false
ProjectManager.DeletePrevious=true
ProjectManager.DeviceId=STM32U083MCTx
ProjectManager.FreePins=false
ProjectManager.HalAssertFull=false
ProjectManager.HeapSize=0x200
ProjectManager.KeepUserCode=true
ProjectManager.LastFirmware=true
ProjectManager.LibraryCopy=2
ProjectManager.MainLocation=Src
ProjectManager.NoMain=false
ProjectManager.PreviousToolchain=
ProjectManager.ProjectBuild=false
ProjectManager.ProjectFileName=TouchSensing_1touchkey.ioc
ProjectManager.ProjectName=TouchSensing_1touchkey
ProjectManager.ProjectStructure=
ProjectManager.RegisterCallBack=
ProjectManager.StackSize=0x400
ProjectManager.TargetToolchain=EWARM V9.20
ProjectManager.ToolChainLocation=
ProjectManager.UAScriptAfterPath=
ProjectManager.UAScriptBeforePath=
ProjectManager.UnderRoot=false
ProjectManager.functionlistsort=1-SystemClock_Config-RCC-false-HAL-false,2-MX_GPIO_Init-GPIO-false-HAL-true,3-MX_TSC_Init-TSC-false-HAL-true,4-MX_TOUCHSENSING_Init-TOUCHSENSING-false-HAL-false,0-MX_CORTEX_M0+_Init-CORTEX_M0+-false-HAL-true,0-MX_PWR_Init-PWR-false-HAL-true
RCC.ADCFreq_Value=48000000
RCC.AHBFreq_Value=48000000
RCC.APBFreq_Value=48000000
RCC.APBTimFreq_Value=48000000
RCC.CortexFreq_Value=48000000
RCC.FCLKCortexFreq_Value=48000000
RCC.FamilyName=M
RCC.HCLKFreq_Value=48000000
RCC.HSE_VALUE=4000000
RCC.HSI48_VALUE=48000000
RCC.HSI_VALUE=16000000
RCC.I2C1Freq_Value=48000000
RCC.I2C3Freq_Value=48000000
RCC.IPParameters=ADCFreq_Value,AHBFreq_Value,APBFreq_Value,APBTimFreq_Value,CortexFreq_Value,FCLKCortexFreq_Value,FamilyName,HCLKFreq_Value,HSE_VALUE,HSI48_VALUE,HSI_VALUE,I2C1Freq_Value,I2C3Freq_Value,LPTIM1Freq_Value,LPTIM2Freq_Value,LPTIM3Freq_Value,LPUART1Freq_Value,LPUART2Freq_Value,LPUART3Freq_Value,LSCOPinFreq_Value,LSE_VALUE,LSI_VALUE,MCO1PinFreq_Value,MCO2PinFreq_Value,MSIClockRangeVal,MSI_VALUE,PLLPoutputFreq_Value,PLLQoutputFreq_Value,PLLRCLKFreq_Value,PLLSourceVirtual,PWRFreq_Value,RNGFreq_Value,SYSCLKFreq_VALUE,SYSCLKSource,TIM15Freq_Value,TIM1Freq_Value,USART1Freq_Value,USART2Freq_Value,USBFreq_Value,VCOInputFreq_Value,VCOOutputFreq_Value
RCC.LPTIM1Freq_Value=48000000
RCC.LPTIM2Freq_Value=48000000
RCC.LPTIM3Freq_Value=48000000
RCC.LPUART1Freq_Value=48000000
RCC.LPUART2Freq_Value=48000000
RCC.LPUART3Freq_Value=48000000
RCC.LSCOPinFreq_Value=32000
RCC.LSE_VALUE=32768
RCC.LSI_VALUE=32000
RCC.MCO1PinFreq_Value=48000000
RCC.MCO2PinFreq_Value=48000000
RCC.MSIClockRangeVal=RCC_MSIRANGE_11
RCC.MSI_VALUE=48000000
RCC.PLLPoutputFreq_Value=96000000
RCC.PLLQoutputFreq_Value=96000000
RCC.PLLRCLKFreq_Value=96000000
RCC.PLLSourceVirtual=RCC_PLLSOURCE_MSI
RCC.PWRFreq_Value=48000000
RCC.RNGFreq_Value=48000000
RCC.SYSCLKFreq_VALUE=48000000
RCC.SYSCLKSource=RCC_SYSCLKSOURCE_MSI
RCC.TIM15Freq_Value=48000000
RCC.TIM1Freq_Value=48000000
RCC.USART1Freq_Value=48000000
RCC.USART2Freq_Value=48000000
RCC.USBFreq_Value=48000000
RCC.VCOInputFreq_Value=48000000
RCC.VCOOutputFreq_Value=192000000
TOUCHSENSING.IO_TOUCHKEY1=G6_IO2
TOUCHSENSING.IO_TOUCHKEY1-TouchSensing_Enabled=G6_IO2
TOUCHSENSING.IPParameters=TSLPRM_TOTAL_TOUCHKEYS,IO_TOUCHKEY1,TSLPRM_SENSORS_DATAS,IO_TOUCHKEY1-TouchSensing_Enabled,TSLPRM_USE_PROX,TSLPRM_ACQ_MIN,TSLPRM_TKEY_DETECT_IN_TH,TSLPRM_TKEY_DETECT_OUT_TH,TSLPRM_TKEY_CALIB_TH
TOUCHSENSING.TSLPRM_ACQ_MIN=5
TOUCHSENSING.TSLPRM_SENSORS_DATAS=TSLPRM_TOTAL_TOUCHKEYS 1 1 
TOUCHSENSING.TSLPRM_TKEY_CALIB_TH=90
TOUCHSENSING.TSLPRM_TKEY_DETECT_IN_TH=255
TOUCHSENSING.TSLPRM_TKEY_DETECT_OUT_TH=200
TOUCHSENSING.TSLPRM_TOTAL_TOUCHKEYS=1
TOUCHSENSING.TSLPRM_USE_PROX=0
TSC.CTPulseHighLength=TSC_CTPH_6CYCLES
TSC.CTPulseLowLength=TSC_CTPL_6CYCLES
TSC.ChannelIOs-G6_IO2=TSC_GROUP6_IO2
TSC.IPParameters=CTPulseHighLength,CTPulseLowLength,PulseGeneratorPrescaler,MaxCountValue,SpreadSpectrum,SamplingIOs-G1_IO2,ShieldIOs-G1_IO1,ChannelIOs-G6_IO2,SamplingIOs-G6_IO1
TSC.MaxCountValue=TSC_MCV_16383
TSC.PulseGeneratorPrescaler=TSC_PG_PRESC_DIV4
TSC.SamplingIOs-G1_IO2=TSC_GROUP1_IO2
TSC.SamplingIOs-G6_IO1=TSC_GROUP6_IO1
TSC.ShieldIOs-G1_IO1=TSC_GROUP1_IO1
TSC.SpreadSpectrum=DISABLE
VP_PWR_VS_SECSignals.Mode=Security/Privilege
VP_PWR_VS_SECSignals.Signal=PWR_VS_SECSignals
VP_SYS_VS_Systick.Mode=SysTick
VP_SYS_VS_Systick.Signal=SYS_VS_Systick
VP_TOUCHSENSING_VS_TOUCHSENSING.Mode=TouchSensing_Enabled
VP_TOUCHSENSING_VS_TOUCHSENSING.Signal=TOUCHSENSING_VS_TOUCHSENSING
board=custom
ProjectManager.Example=TouchSensing_1touchkey
ProjectManager.ExampleSource=CubeFw
